
Microsoft Visual Studio Solution File, Format Version 12.00
# Visual Studio Version 17
VisualStudioVersion = 17.14.37502.11
MinimumVisualStudioVersion = 10.0.40219.1
Project("{FAE04EC0-301F-11D3-BF4B-00C04F79EFBC}") = "KampIntro", "KampIntro\KampIntro.csproj", "{0A4C6218-BCBB-4CB1-8930-13889A538B32}"
EndProject
Project("{FAE04EC0-301F-11D3-BF4B-00C04F79EFBC}") = "Array", "Array\Array.csproj", "{3D8FF4D1-2E88-481E-B62E-7428D9920648}"
EndProject
Project("{FAE04EC0-301F-11D3-BF4B-00C04F79EFBC}") = "ClassIntro", "ClassIntro\ClassIntro.csproj", "{B94EB238-4E10-413A-9992-E30F0B29CA77}"
EndProject
Project("{FAE04EC0-301F-11D3-BF4B-00C04F79EFBC}") = "Metotlar", "Metotlar\Metotlar.csproj", "{AA5BDBC6-D3EE-4BDB-B862-FF07173381BC}"
EndProject
Project("{FAE04EC0-301F-11D3-BF4B-00C04F79EFBC}") = "Matematik", "Matematik\Matematik.csproj", "{CDF07038-E4AE-421A-8941-A5244D00B4CE}"
EndProject
Project("{FAE04EC0-301F-11D3-BF4B-00C04F79EFBC}") = "DegerVeReferansTipler", "DegerVeReferansTipler\DegerVeReferansTipler.csproj", "{D15CB4CB-CDA6-487E-ABF8-40E1EB04CFDA}"
EndProject
Project("{FAE04EC0-301F-11D3-BF4B-00C04F79EFBC}") = "OOP1", "OOP1\OOP1.csproj", "{02989E37-6AAC-4904-925B-28F5A450BF05}"
EndProject
Project("{FAE04EC0-301F-11D3-BF4B-00C04F79EFBC}") = "Koleksiyonlar", "Koleksiyonlar\Koleksiyonlar.csproj", "{5D68343C-69D3-411F-9486-B7CB3BFD8C51}"
EndProject
Project("{FAE04EC0-301F-11D3-BF4B-00C04F79EFBC}") = "GenericsIntro", "GenericsIntro\GenericsIntro.csproj", "{41918424-9740-4405-B311-89D49BEABA13}"
EndProject
Global
	GlobalSection(SolutionConfigurationPlatforms) = preSolution
		Debug|Any CPU = Debug|Any CPU
		Release|Any CPU = Release|Any CPU
	EndGlobalSection
	GlobalSection(ProjectConfigurationPlatforms) = postSolution
		{0A4C6218-BCBB-4CB1-8930-13889A538B32}.Debug|Any CPU.ActiveCfg = Debug|Any CPU
		{0A4C6218-BCBB-4CB1-8930-13889A538B32}.Debug|Any CPU.Build.0 = Debug|Any CPU
		{0A4C6218-BCBB-4CB1-8930-13889A538B32}.Release|Any CPU.ActiveCfg = Release|Any CPU
		{0A4C6218-BCBB-4CB1-8930-13889A538B32}.Release|Any CPU.Build.0 = Release|Any CPU
		{3D8FF4D1-2E88-481E-B62E-7428D9920648}.Debug|Any CPU.ActiveCfg = Debug|Any CPU
		{3D8FF4D1-2E88-481E-B62E-7428D9920648}.Debug|Any CPU.Build.0 = Debug|Any CPU
		{3D8FF4D1-2E88-481E-B62E-7428D9920648}.Release|Any CPU.ActiveCfg = Release|Any CPU
		{3D8FF4D1-2E88-481E-B62E-7428D9920648}.Release|Any CPU.Build.0 = Release|Any CPU
		{B94EB238-4E10-413A-9992-E30F0B29CA77}.Debug|Any CPU.ActiveCfg = Debug|Any CPU
		{B94EB238-4E10-413A-9992-E30F0B29CA77}.Debug|Any CPU.Build.0 = Debug|Any CPU
		{B94EB238-4E10-413A-9992-E30F0B29CA77}.Release|Any CPU.ActiveCfg = Release|Any CPU
		{B94EB238-4E10-413A-9992-E30F0B29CA77}.Release|Any CPU.Build.0 = Release|Any CPU
		{AA5BDBC6-D3EE-4BDB-B862-FF07173381BC}.Debug|Any CPU.ActiveCfg = Debug|Any CPU
		{AA5BDBC6-D3EE-4BDB-B862-FF07173381BC}.Debug|Any CPU.Build.0 = Debug|Any CPU
		{AA5BDBC6-D3EE-4BDB-B862-FF07173381BC}.Release|Any CPU.ActiveCfg = Release|Any CPU
		{AA5BDBC6-D3EE-4BDB-B862-FF07173381BC}.Release|Any CPU.Build.0 = Release|Any CPU
		{CDF07038-E4AE-421A-8941-A5244D00B4CE}.Debug|Any CPU.ActiveCfg = Debug|Any CPU
		{CDF07038-E4AE-421A-8941-A5244D00B4CE}.Debug|Any CPU.Build.0 = Debug|Any CPU
		{CDF07038-E4AE-421A-8941-A5244D00B4CE}.Release|Any CPU.ActiveCfg = Release|Any CPU
		{CDF07038-E4AE-421A-8941-A5244D00B4CE}.Release|Any CPU.Build.0 = Release|Any CPU
		{D15CB4CB-CDA6-487E-ABF8-40E1EB04CFDA}.Debug|Any CPU.ActiveCfg = Debug|Any CPU
		{D15CB4CB-CDA6-487E-ABF8-40E1EB04CFDA}.Debug|Any CPU.Build.0 = Debug|Any CPU
		{D15CB4CB-CDA6-487E-ABF8-40E1EB04CFDA}.Release|Any CPU.ActiveCfg = Release|Any CPU
		{D15CB4CB-CDA6-487E-ABF8-40E1EB04CFDA}.Release|Any CPU.Build.0 = Release|Any CPU
		{02989E37-6AAC-4904-925B-28F5A450BF05}.Debug|Any CPU.ActiveCfg = Debug|Any CPU
		{02989E37-6AAC-4904-925B-28F5A450BF05}.Debug|Any CPU.Build.0 = Debug|Any CPU
		{02989E37-6AAC-4904-925B-28F5A450BF05}.Release|Any CPU.ActiveCfg = Release|Any CPU
		{02989E37-6AAC-4904-925B-28F5A450BF05}.Release|Any CPU.Build.0 = Release|Any CPU
		{5D68343C-69D3-411F-9486-B7CB3BFD8C51}.Debug|Any CPU.ActiveCfg = Debug|Any CPU
		{5D68343C-69D3-411F-9486-B7CB3BFD8C51}.Debug|Any CPU.Build.0 = Debug|Any CPU
		{5D68343C-69D3-411F-9486-B7CB3BFD8C51}.Release|Any CPU.ActiveCfg = Release|Any CPU
		{5D68343C-69D3-411F-9486-B7CB3BFD8C51}.Release|Any CPU.Build.0 = Release|Any CPU
		{41918424-9740-4405-B311-89D49BEABA13}.Debug|Any CPU.ActiveCfg = Debug|Any CPU
		{41918424-9740-4405-B311-89D49BEABA13}.Debug|Any CPU.Build.0 = Debug|Any CPU
		{41918424-9740-4405-B311-89D49BEABA13}.Release|Any CPU.ActiveCfg = Release|Any CPU
		{41918424-9740-4405-B311-89D49BEABA13}.Release|Any CPU.Build.0 = Release|Any CPU
	EndGlobalSection
	GlobalSection(SolutionProperties) = preSolution
		HideSolutionNode = FALSE
	EndGlobalSection
	GlobalSection(ExtensibilityGlobals) = postSolution
		SolutionGuid = {E101D3A4-85D2-4D4F-A8A2-A95A3CBCED3B}
	EndGlobalSection
EndGlobal
